// !$*UTF8*$!
{
	archiveVersion = 1;
	classes = {
	};
	objectVersion = 46;
	objects = {

/* Begin PBXBuildFile section */
		4B8B9EFA1EE855890008FA20 /* AppDelegate.swift in Sources */ = {isa = PBXBuildFile; fileRef = 4B8B9EF91EE855890008FA20 /* AppDelegate.swift */; };
		4B8B9EFC1EE855890008FA20 /* ViewController.swift in Sources */ = {isa = PBXBuildFile; fileRef = 4B8B9EFB1EE855890008FA20 /* ViewController.swift */; };
		4B8B9EFF1EE855890008FA20 /* Main.storyboard in Resources */ = {isa = PBXBuildFile; fileRef = 4B8B9EFD1EE855890008FA20 /* Main.storyboard */; };
		4B8B9F021EE855890008FA20 /* ieecs_riviera_mockup.xcdatamodeld in Sources */ = {isa = PBXBuildFile; fileRef = 4B8B9F001EE855890008FA20 /* ieecs_riviera_mockup.xcdatamodeld */; };
		4B8B9F041EE855890008FA20 /* Assets.xcassets in Resources */ = {isa = PBXBuildFile; fileRef = 4B8B9F031EE855890008FA20 /* Assets.xcassets */; };
		4B8B9F071EE855890008FA20 /* LaunchScreen.storyboard in Resources */ = {isa = PBXBuildFile; fileRef = 4B8B9F051EE855890008FA20 /* LaunchScreen.storyboard */; };
		4B8B9F0F1EE8766C0008FA20 /* StartClass.swift in Sources */ = {isa = PBXBuildFile; fileRef = 4B8B9F0E1EE8766C0008FA20 /* StartClass.swift */; };
		4B8B9F111EE876D80008FA20 /* startCollectionViewController.swift in Sources */ = {isa = PBXBuildFile; fileRef = 4B8B9F101EE876D80008FA20 /* startCollectionViewController.swift */; };
		4B8B9F131EE8793A0008FA20 /* StartCollectionViewCell.swift in Sources */ = {isa = PBXBuildFile; fileRef = 4B8B9F121EE8793A0008FA20 /* StartCollectionViewCell.swift */; };
		4B8B9F151EE889AF0008FA20 /* SettingsCollectionViewCell.swift in Sources */ = {isa = PBXBuildFile; fileRef = 4B8B9F141EE889AF0008FA20 /* SettingsCollectionViewCell.swift */; };
		4B8B9F171EE88A6F0008FA20 /* settingsCollectionViewController.swift in Sources */ = {isa = PBXBuildFile; fileRef = 4B8B9F161EE88A6F0008FA20 /* settingsCollectionViewController.swift */; };
		4B8B9F191EE88F710008FA20 /* settingsViewController.swift in Sources */ = {isa = PBXBuildFile; fileRef = 4B8B9F181EE88F710008FA20 /* settingsViewController.swift */; };
		4B8B9F1B1EE8A9700008FA20 /* PremiumViewController.swift in Sources */ = {isa = PBXBuildFile; fileRef = 4B8B9F1A1EE8A9700008FA20 /* PremiumViewController.swift */; };
		4B8B9F211EE8B1220008FA20 /* PremiumCollectionViewCell.swift in Sources */ = {isa = PBXBuildFile; fileRef = 4B8B9F201EE8B1220008FA20 /* PremiumCollectionViewCell.swift */; };
/* End PBXBuildFile section */

/* Begin PBXFileReference section */
		4B8B9EF61EE855890008FA20 /* ieecs riviera mockup.app */ = {isa = PBXFileReference; explicitFileType = wrapper.application; includeInIndex = 0; path = "ieecs riviera mockup.app"; sourceTree = BUILT_PRODUCTS_DIR; };
		4B8B9EF91EE855890008FA20 /* AppDelegate.swift */ = {isa = PBXFileReference; lastKnownFileType = sourcecode.swift; path = AppDelegate.swift; sourceTree = "<group>"; };
		4B8B9EFB1EE855890008FA20 /* ViewController.swift */ = {isa = PBXFileReference; lastKnownFileType = sourcecode.swift; path = ViewController.swift; sourceTree = "<group>"; };
		4B8B9EFE1EE855890008FA20 /* Base */ = {isa = PBXFileReference; lastKnownFileType = file.storyboard; name = Base; path = Base.lproj/Main.storyboard; sourceTree = "<group>"; };
		4B8B9F011EE855890008FA20 /* ieecs_riviera_mockup.xcdatamodel */ = {isa = PBXFileReference; lastKnownFileType = wrapper.xcdatamodel; path = ieecs_riviera_mockup.xcdatamodel; sourceTree = "<group>"; };
		4B8B9F031EE855890008FA20 /* Assets.xcassets */ = {isa = PBXFileReference; lastKnownFileType = folder.assetcatalog; path = Assets.xcassets; sourceTree = "<group>"; };
		4B8B9F061EE855890008FA20 /* Base */ = {isa = PBXFileReference; lastKnownFileType = file.storyboard; name = Base; path = Base.lproj/LaunchScreen.storyboard; sourceTree = "<group>"; };
		4B8B9F081EE855890008FA20 /* Info.plist */ = {isa = PBXFileReference; lastKnownFileType = text.plist.xml; path = Info.plist; sourceTree = "<group>"; };
		4B8B9F0E1EE8766C0008FA20 /* StartClass.swift */ = {isa = PBXFileReference; fileEncoding = 4; lastKnownFileType = sourcecode.swift; path = StartClass.swift; sourceTree = "<group>"; };
		4B8B9F101EE876D80008FA20 /* startCollectionViewController.swift */ = {isa = PBXFileReference; fileEncoding = 4; lastKnownFileType = sourcecode.swift; path = startCollectionViewController.swift; sourceTree = "<group>"; };
		4B8B9F121EE8793A0008FA20 /* StartCollectionViewCell.swift */ = {isa = PBXFileReference; fileEncoding = 4; lastKnownFileType = sourcecode.swift; path = StartCollectionViewCell.swift; sourceTree = "<group>"; };
		4B8B9F141EE889AF0008FA20 /* SettingsCollectionViewCell.swift */ = {isa = PBXFileReference; fileEncoding = 4; lastKnownFileType = sourcecode.swift; path = SettingsCollectionViewCell.swift; sourceTree = "<group>"; };
		4B8B9F161EE88A6F0008FA20 /* settingsCollectionViewController.swift */ = {isa = PBXFileReference; fileEncoding = 4; lastKnownFileType = sourcecode.swift; path = settingsCollectionViewController.swift; sourceTree = "<group>"; };
		4B8B9F181EE88F710008FA20 /* settingsViewController.swift */ = {isa = PBXFileReference; fileEncoding = 4; lastKnownFileType = sourcecode.swift; path = settingsViewController.swift; sourceTree = "<group>"; };
		4B8B9F1A1EE8A9700008FA20 /* PremiumViewController.swift */ = {isa = PBXFileReference; fileEncoding = 4; lastKnownFileType = sourcecode.swift; path = PremiumViewController.swift; sourceTree = "<group>"; };
		4B8B9F201EE8B1220008FA20 /* PremiumCollectionViewCell.swift */ = {isa = PBXFileReference; fileEncoding = 4; lastKnownFileType = sourcecode.swift; path = PremiumCollectionViewCell.swift; sourceTree = "<group>"; };
/* End PBXFileReference section */

/* Begin PBXFrameworksBuildPhase section */
		4B8B9EF31EE855890008FA20 /* Frameworks */ = {
			isa = PBXFrameworksBuildPhase;
			buildActionMask = 2147483647;
			files = (
			);
			runOnlyForDeploymentPostprocessing = 0;
		};
/* End PBXFrameworksBuildPhase section */

/* Begin PBXGroup section */
		4B8B9EED1EE855890008FA20 = {
			isa = PBXGroup;
			children = (
				4B8B9EF81EE855890008FA20 /* ieecs riviera mockup */,
				4B8B9EF71EE855890008FA20 /* Products */,
			);
			sourceTree = "<group>";
		};
		4B8B9EF71EE855890008FA20 /* Products */ = {
			isa = PBXGroup;
			children = (
				4B8B9EF61EE855890008FA20 /* ieecs riviera mockup.app */,
			);
			name = Products;
			sourceTree = "<group>";
		};
		4B8B9EF81EE855890008FA20 /* ieecs riviera mockup */ = {
			isa = PBXGroup;
			children = (
				4B8B9EF91EE855890008FA20 /* AppDelegate.swift */,
				4B8B9EFB1EE855890008FA20 /* ViewController.swift */,
				4B8B9EFD1EE855890008FA20 /* Main.storyboard */,
				4B8B9F1A1EE8A9700008FA20 /* PremiumViewController.swift */,
				4B8B9F201EE8B1220008FA20 /* PremiumCollectionViewCell.swift */,
				4B8B9F141EE889AF0008FA20 /* SettingsCollectionViewCell.swift */,
				4B8B9F161EE88A6F0008FA20 /* settingsCollectionViewController.swift */,
				4B8B9F181EE88F710008FA20 /* settingsViewController.swift */,
				4B8B9F101EE876D80008FA20 /* startCollectionViewController.swift */,
				4B8B9F121EE8793A0008FA20 /* StartCollectionViewCell.swift */,
				4B8B9F0E1EE8766C0008FA20 /* StartClass.swift */,
				4B8B9F031EE855890008FA20 /* Assets.xcassets */,
				4B8B9F051EE855890008FA20 /* LaunchScreen.storyboard */,
				4B8B9F081EE855890008FA20 /* Info.plist */,
				4B8B9F001EE855890008FA20 /* ieecs_riviera_mockup.xcdatamodeld */,
			);
			path = "ieecs riviera mockup";
			sourceTree = "<group>";
		};
/* End PBXGroup section */

/* Begin PBXNativeTarget section */
		4B8B9EF51EE855890008FA20 /* ieecs riviera mockup */ = {
			isa = PBXNativeTarget;
			buildConfigurationList = 4B8B9F0B1EE855890008FA20 /* Build configuration list for PBXNativeTarget "ieecs riviera mockup" */;
			buildPhases = (
				4B8B9EF21EE855890008FA20 /* Sources */,
				4B8B9EF31EE855890008FA20 /* Frameworks */,
				4B8B9EF41EE855890008FA20 /* Resources */,
			);
			buildRules = (
			);
			dependencies = (
			);
			name = "ieecs riviera mockup";
			productName = "ieecs riviera mockup";
			productReference = 4B8B9EF61EE855890008FA20 /* ieecs riviera mockup.app */;
			productType = "com.apple.product-type.application";
		};
/* End PBXNativeTarget section */

/* Begin PBXProject section */
		4B8B9EEE1EE855890008FA20 /* Project object */ = {
			isa = PBXProject;
			attributes = {
				LastSwiftUpdateCheck = 0830;
				LastUpgradeCheck = 0830;
				ORGANIZATIONNAME = "indresh arora";
				TargetAttributes = {
					4B8B9EF51EE855890008FA20 = {
						CreatedOnToolsVersion = 8.3.2;
						DevelopmentTeam = 22MQY5GLD5;
						ProvisioningStyle = Automatic;
					};
				};
			};
			buildConfigurationList = 4B8B9EF11EE855890008FA20 /* Build configuration list for PBXProject "ieecs riviera mockup" */;
			compatibilityVersion = "Xcode 3.2";
			developmentRegion = English;
			hasScannedForEncodings = 0;
			knownRegions = (
				en,
				Base,
			);
			mainGroup = 4B8B9EED1EE855890008FA20;
			productRefGroup = 4B8B9EF71EE855890008FA20 /* Products */;
			projectDirPath = "";
			projectRoot = "";
			targets = (
				4B8B9EF51EE855890008FA20 /* ieecs riviera mockup */,
			);
		};
/* End PBXProject section */

/* Begin PBXResourcesBuildPhase section */
		4B8B9EF41EE855890008FA20 /* Resources */ = {
			isa = PBXResourcesBuildPhase;
			buildActionMask = 2147483647;
			files = (
				4B8B9F071EE855890008FA20 /* LaunchScreen.storyboard in Resources */,
				4B8B9F041EE855890008FA20 /* Assets.xcassets in Resources */,
				4B8B9EFF1EE855890008FA20 /* Main.storyboard in Resources */,
			);
			runOnlyForDeploymentPostprocessing = 0;
		};
/* End PBXResourcesBuildPhase section */

/* Begin PBXSourcesBuildPhase section */
		4B8B9EF21EE855890008FA20 /* Sources */ = {
			isa = PBXSourcesBuildPhase;
			buildActionMask = 2147483647;
			files = (
				4B8B9F211EE8B1220008FA20 /* PremiumCollectionViewCell.swift in Sources */,
				4B8B9F111EE876D80008FA20 /* startCollectionViewController.swift in Sources */,
				4B8B9F131EE8793A0008FA20 /* StartCollectionViewCell.swift in Sources */,
				4B8B9F191EE88F710008FA20 /* settingsViewController.swift in Sources */,
				4B8B9F0F1EE8766C0008FA20 /* StartClass.swift in Sources */,
				4B8B9EFC1EE855890008FA20 /* ViewController.swift in Sources */,
				4B8B9F151EE889AF0008FA20 /* SettingsCollectionViewCell.swift in Sources */,
				4B8B9F1B1EE8A9700008FA20 /* PremiumViewController.swift in Sources */,
				4B8B9F171EE88A6F0008FA20 /* settingsCollectionViewController.swift in Sources */,
				4B8B9EFA1EE855890008FA20 /* AppDelegate.swift in Sources */,
				4B8B9F021EE855890008FA20 /* ieecs_riviera_mockup.xcdatamodeld in Sources */,
			);
			runOnlyForDeploymentPostprocessing = 0;
		};
/* End PBXSourcesBuildPhase section */

/* Begin PBXVariantGroup section */
		4B8B9EFD1EE855890008FA20 /* Main.storyboard */ = {
			isa = PBXVariantGroup;
			children = (
				4B8B9EFE1EE855890008FA20 /* Base */,
			);
			name = Main.storyboard;
			sourceTree = "<group>";
		};
		4B8B9F051EE855890008FA20 /* LaunchScreen.storyboard */ = {
			isa = PBXVariantGroup;
			children = (
				4B8B9F061EE855890008FA20 /* Base */,
			);
			name = LaunchScreen.storyboard;
			sourceTree = "<group>";
		};
/* End PBXVariantGroup section */

/* Begin XCBuildConfiguration section */
		4B8B9F091EE855890008FA20 /* Debug */ = {
			isa = XCBuildConfiguration;
			buildSettings = {
				ALWAYS_SEARCH_USER_PATHS = NO;
				CLANG_ANALYZER_NONNULL = YES;
				CLANG_ANALYZER_NUMBER_OBJECT_CONVERSION = YES_AGGRESSIVE;
				CLANG_CXX_LANGUAGE_STANDARD = "gnu++0x";
				CLANG_CXX_LIBRARY = "libc++";
				CLANG_ENABLE_MODULES = YES;
				CLANG_ENABLE_OBJC_ARC = YES;
				CLANG_WARN_BOOL_CONVERSION = YES;
				CLANG_WARN_CONSTANT_CONVERSION = YES;
				CLANG_WARN_DIRECT_OBJC_ISA_USAGE = YES_ERROR;
				CLANG_WARN_DOCUMENTATION_COMMENTS = YES;
				CLANG_WARN_EMPTY_BODY = YES;
				CLANG_WARN_ENUM_CONVERSION = YES;
				CLANG_WARN_INFINITE_RECURSION = YES;
				CLANG_WARN_INT_CONVERSION = YES;
				CLANG_WARN_OBJC_ROOT_CLASS = YES_ERROR;
				CLANG_WARN_SUSPICIOUS_MOVE = YES;
				CLANG_WARN_UNREACHABLE_CODE = YES;
				CLANG_WARN__DUPLICATE_METHOD_MATCH = YES;
				"CODE_SIGN_IDENTITY[sdk=iphoneos*]" = "iPhone Developer";
				COPY_PHASE_STRIP = NO;
				DEBUG_INFORMATION_FORMAT = dwarf;
				ENABLE_STRICT_OBJC_MSGSEND = YES;
				ENABLE_TESTABILITY = YES;
				GCC_C_LANGUAGE_STANDARD = gnu99;
				GCC_DYNAMIC_NO_PIC = NO;
				GCC_NO_COMMON_BLOCKS = YES;
				GCC_OPTIMIZATION_LEVEL = 0;
				GCC_PREPROCESSOR_DEFINITIONS = (
					"DEBUG=1",
					"$(inherited)",
				);
				GCC_WARN_64_TO_32_BIT_CONVERSION = YES;
				GCC_WARN_ABOUT_RETURN_TYPE = YES_ERROR;
				GCC_WARN_UNDECLARED_SELECTOR = YES;
				GCC_WARN_UNINITIALIZED_AUTOS = YES_AGGRESSIVE;
				GCC_WARN_UNUSED_FUNCTION = YES;
				GCC_WARN_UNUSED_VARIABLE = YES;
				IPHONEOS_DEPLOYMENT_TARGET = 10.3;
				MTL_ENABLE_DEBUG_INFO = YES;
				ONLY_ACTIVE_ARCH = YES;
				SDKROOT = iphoneos;
				SWIFT_ACTIVE_COMPILATION_CONDITIONS = DEBUG;
				SWIFT_OPTIMIZATION_LEVEL = "-Onone";
				TARGETED_DEVICE_FAMILY = "1,2";
			};
			name = Debug;
		};
		4B8B9F0A1EE855890008FA20 /* Release */ = {
			isa = XCBuildConfiguration;
			buildSettings = {
				ALWAYS_SEARCH_USER_PATHS = NO;
				CLANG_ANALYZER_NONNULL = YES;
				CLANG_ANALYZER_NUMBER_OBJECT_CONVERSION = YES_AGGRESSIVE;
				CLANG_CXX_LANGUAGE_STANDARD = "gnu++0x";
				CLANG_CXX_LIBRARY = "libc++";
				CLANG_ENABLE_MODULES = YES;
				CLANG_ENABLE_OBJC_ARC = YES;
				CLANG_WARN_BOOL_CONVERSION = YES;
				CLANG_WARN_CONSTANT_CONVERSION = YES;
				CLANG_WARN_DIRECT_OBJC_ISA_USAGE = YES_ERROR;
				CLANG_WARN_DOCUMENTATION_COMMENTS = YES;
				CLANG_WARN_EMPTY_BODY = YES;
				CLANG_WARN_ENUM_CONVERSION = YES;
				CLANG_WARN_INFINITE_RECURSION = YES;
				CLANG_WARN_INT_CONVERSION = YES;
				CLANG_WARN_OBJC_ROOT_CLASS = YES_ERROR;
				CLANG_WARN_SUSPICIOUS_MOVE = YES;
				CLANG_WARN_UNREACHABLE_CODE = YES;
				CLANG_WARN__DUPLICATE_METHOD_MATCH = YES;
				"CODE_SIGN_IDENTITY[sdk=iphoneos*]" = "iPhone Developer";
				COPY_PHASE_STRIP = NO;
				DEBUG_INFORMATION_FORMAT = "dwarf-with-dsym";
				ENABLE_NS_ASSERTIONS = NO;
				ENABLE_STRICT_OBJC_MSGSEND = YES;
				GCC_C_LANGUAGE_STANDARD = gnu99;
				GCC_NO_COMMON_BLOCKS = YES;
				GCC_WARN_64_TO_32_BIT_CONVERSION = YES;
				GCC_WARN_ABOUT_RETURN_TYPE = YES_ERROR;
				GCC_WARN_UNDECLARED_SELECTOR = YES;
				GCC_WARN_UNINITIALIZED_AUTOS = YES_AGGRESSIVE;
				GCC_WARN_UNUSED_FUNCTION = YES;
				GCC_WARN_UNUSED_VARIABLE = YES;
				IPHONEOS_DEPLOYMENT_TARGET = 10.3;
				MTL_ENABLE_DEBUG_INFO = NO;
				SDKROOT = iphoneos;
				SWIFT_OPTIMIZATION_LEVEL = "-Owholemodule";
				TARGETED_DEVICE_FAMILY = "1,2";
				VALIDATE_PRODUCT = YES;
			};
			name = Release;
		};
		4B8B9F0C1EE855890008FA20 /* Debug */ = {
			isa = XCBuildConfiguration;
			buildSettings = {
				ASSETCATALOG_COMPILER_APPICON_NAME = AppIcon;
				DEVELOPMENT_TEAM = 22MQY5GLD5;
				INFOPLIST_FILE = "ieecs riviera mockup/Info.plist";
				LD_RUNPATH_SEARCH_PATHS = "$(inherited) @executable_path/Frameworks";
				PRODUCT_BUNDLE_IDENTIFIER = "ia.ieecs-riviera-mockup";
				PRODUCT_NAME = "$(TARGET_NAME)";
				SWIFT_VERSION = 3.0;
			};
			name = Debug;
		};
		4B8B9F0D1EE855890008FA20 /* Release */ = {
			isa = XCBuildConfiguration;
			buildSettings = {
				ASSETCATALOG_COMPILER_APPICON_NAME = AppIcon;
				DEVELOPMENT_TEAM = 22MQY5GLD5;
				INFOPLIST_FILE = "ieecs riviera mockup/Info.plist";
				LD_RUNPATH_SEARCH_PATHS = "$(inherited) @executable_path/Frameworks";
				PRODUCT_BUNDLE_IDENTIFIER = "ia.ieecs-riviera-mockup";
				PRODUCT_NAME = "$(TARGET_NAME)";
				SWIFT_VERSION = 3.0;
			};
			name = Release;
		};
/* End XCBuildConfiguration section */

/* Begin XCConfigurationList section */
		4B8B9EF11EE855890008FA20 /* Build configuration list for PBXProject "ieecs riviera mockup" */ = {
			isa = XCConfigurationList;
			buildConfigurations = (
				4B8B9F091EE855890008FA20 /* Debug */,
				4B8B9F0A1EE855890008FA20 /* Release */,
			);
			defaultConfigurationIsVisible = 0;
			defaultConfigurationName = Release;
		};
		4B8B9F0B1EE855890008FA20 /* Build configuration list for PBXNativeTarget "ieecs riviera mockup" */ = {
			isa = XCConfigurationList;
			buildConfigurations = (
				4B8B9F0C1EE855890008FA20 /* Debug */,
				4B8B9F0D1EE855890008FA20 /* Release */,
			);
			defaultConfigurationIsVisible = 0;
		};
/* End XCConfigurationList section */

/* Begin XCVersionGroup section */
		4B8B9F001EE855890008FA20 /* ieecs_riviera_mockup.xcdatamodeld */ = {
			isa = XCVersionGroup;
			children = (
				4B8B9F011EE855890008FA20 /* ieecs_riviera_mockup.xcdatamodel */,
			);
			currentVersion = 4B8B9F011EE855890008FA20 /* ieecs_riviera_mockup.xcdatamodel */;
			path = ieecs_riviera_mockup.xcdatamodeld;
			sourceTree = "<group>";
			versionGroupType = wrapper.xcdatamodel;
		};
/* End XCVersionGroup section */
	};
	rootObject = 4B8B9EEE1EE855890008FA20 /* Project object */;
}
